
Microsoft Visual Studio Solution File, Format Version 12.00
# Visual Studio 15
VisualStudioVersion = 15.0.28307.705
MinimumVisualStudioVersion = 10.0.40219.1
Project("{FAE04EC0-301F-11D3-BF4B-00C04F79EFBC}") = "IndirectSerial", "IndirectSerial\IndirectSerial.csproj", "{5C1A8DD5-793D-4D00-A300-873FDCA48168}"
EndProject
Global
	GlobalSection(SolutionConfigurationPlatforms) = preSolution
		Debug|Any CPU = Debug|Any CPU
		Release|Any CPU = Release|Any CPU
	EndGlobalSection
	GlobalSection(ProjectConfigurationPlatforms) = postSolution
		{5C1A8DD5-793D-4D00-A300-873FDCA48168}.Debug|Any CPU.ActiveCfg = Debug|Any CPU
		{5C1A8DD5-793D-4D00-A300-873FDCA48168}.Debug|Any CPU.Build.0 = Debug|Any CPU
		{5C1A8DD5-793D-4D00-A300-873FDCA48168}.Release|Any CPU.ActiveCfg = Release|Any CPU
		{5C1A8DD5-793D-4D00-A300-873FDCA48168}.Release|Any CPU.Build.0 = Release|Any CPU
	EndGlobalSection
	GlobalSection(SolutionProperties) = preSolution
		HideSolutionNode = FALSE
	EndGlobalSection
	GlobalSection(ExtensibilityGlobals) = postSolution
		SolutionGuid = {EE8FE45B-3F92-42E4-BECC-0460E9A404F8}
	EndGlobalSection
EndGlobal
